// !$*UTF8*$!
{
	archiveVersion = 1;
	classes = {
	};
	objectVersion = 46;
	objects = {

/* Begin PBXBuildFile section */
		3724E2CE1961AB090077151B /* whoswho9altered.html in Resources */ = {isa = PBXBuildFile; fileRef = 3724E2CD1961AB090077151B /* whoswho9altered.html */; };
		3724E2CF1961AB090077151B /* whoswho9altered.html in Resources */ = {isa = PBXBuildFile; fileRef = 3724E2CD1961AB090077151B /* whoswho9altered.html */; };
		3724E2D31961B6450077151B /* GBProfileTableViewCell.m in Sources */ = {isa = PBXBuildFile; fileRef = 3724E2D21961B6450077151B /* GBProfileTableViewCell.m */; };
		3724E2D41961B6450077151B /* GBProfileTableViewCell.m in Sources */ = {isa = PBXBuildFile; fileRef = 3724E2D21961B6450077151B /* GBProfileTableViewCell.m */; };
		372AA98C195B2E1D00994DC0 /* Foundation.framework in Frameworks */ = {isa = PBXBuildFile; fileRef = 372AA98B195B2E1D00994DC0 /* Foundation.framework */; };
		372AA98E195B2E1D00994DC0 /* CoreGraphics.framework in Frameworks */ = {isa = PBXBuildFile; fileRef = 372AA98D195B2E1D00994DC0 /* CoreGraphics.framework */; };
		372AA990195B2E1D00994DC0 /* UIKit.framework in Frameworks */ = {isa = PBXBuildFile; fileRef = 372AA98F195B2E1D00994DC0 /* UIKit.framework */; };
		372AA996195B2E1D00994DC0 /* InfoPlist.strings in Resources */ = {isa = PBXBuildFile; fileRef = 372AA994195B2E1D00994DC0 /* InfoPlist.strings */; };
		372AA998195B2E1D00994DC0 /* main.m in Sources */ = {isa = PBXBuildFile; fileRef = 372AA997195B2E1D00994DC0 /* main.m */; };
		372AA99C195B2E1D00994DC0 /* GBAppDelegate.m in Sources */ = {isa = PBXBuildFile; fileRef = 372AA99B195B2E1D00994DC0 /* GBAppDelegate.m */; };
		372AA99F195B2E1D00994DC0 /* Main_iPhone.storyboard in Resources */ = {isa = PBXBuildFile; fileRef = 372AA99D195B2E1D00994DC0 /* Main_iPhone.storyboard */; };
		372AA9A2195B2E1D00994DC0 /* Main_iPad.storyboard in Resources */ = {isa = PBXBuildFile; fileRef = 372AA9A0195B2E1D00994DC0 /* Main_iPad.storyboard */; };
		372AA9AA195B2E1D00994DC0 /* Images.xcassets in Resources */ = {isa = PBXBuildFile; fileRef = 372AA9A9195B2E1D00994DC0 /* Images.xcassets */; };
		372AA9B1195B2E1D00994DC0 /* XCTest.framework in Frameworks */ = {isa = PBXBuildFile; fileRef = 372AA9B0195B2E1D00994DC0 /* XCTest.framework */; };
		372AA9B2195B2E1D00994DC0 /* Foundation.framework in Frameworks */ = {isa = PBXBuildFile; fileRef = 372AA98B195B2E1D00994DC0 /* Foundation.framework */; };
		372AA9B3195B2E1D00994DC0 /* UIKit.framework in Frameworks */ = {isa = PBXBuildFile; fileRef = 372AA98F195B2E1D00994DC0 /* UIKit.framework */; };
		372AA9BB195B2E1D00994DC0 /* InfoPlist.strings in Resources */ = {isa = PBXBuildFile; fileRef = 372AA9B9195B2E1D00994DC0 /* InfoPlist.strings */; };
		372AA9BD195B2E1D00994DC0 /* GBProfilesTests.m in Sources */ = {isa = PBXBuildFile; fileRef = 372AA9BC195B2E1D00994DC0 /* GBProfilesTests.m */; };
		372AA9D1195B31C500994DC0 /* TFHpple.m in Sources */ = {isa = PBXBuildFile; fileRef = 372AA9CC195B31C500994DC0 /* TFHpple.m */; };
		372AA9D2195B31C500994DC0 /* TFHppleElement.m in Sources */ = {isa = PBXBuildFile; fileRef = 372AA9CE195B31C500994DC0 /* TFHppleElement.m */; };
		372AA9D3195B31C500994DC0 /* XPathQuery.m in Sources */ = {isa = PBXBuildFile; fileRef = 372AA9D0195B31C500994DC0 /* XPathQuery.m */; };
		372AA9D9195B568A00994DC0 /* libxml2.dylib in Frameworks */ = {isa = PBXBuildFile; fileRef = 372AA9D8195B568A00994DC0 /* libxml2.dylib */; };
		372AA9DA195B572400994DC0 /* libxml2.dylib in Frameworks */ = {isa = PBXBuildFile; fileRef = 372AA9D8195B568A00994DC0 /* libxml2.dylib */; };
		372AA9DF195B6A1800994DC0 /* UIImage+Download.m in Sources */ = {isa = PBXBuildFile; fileRef = 372AA9DE195B6A1800994DC0 /* UIImage+Download.m */; };
		372AA9E1195B714A00994DC0 /* avatar.png in Resources */ = {isa = PBXBuildFile; fileRef = 372AA9E0195B714A00994DC0 /* avatar.png */; };
		372AA9E7195BD13A00994DC0 /* UIImage+GBAdditions.m in Sources */ = {isa = PBXBuildFile; fileRef = 372AA9E6195BD13A00994DC0 /* UIImage+GBAdditions.m */; };
		372AA9EA195BDB7000994DC0 /* GBCoreData.m in Sources */ = {isa = PBXBuildFile; fileRef = 372AA9E9195BDB7000994DC0 /* GBCoreData.m */; };
		372AA9EC195BDC3C00994DC0 /* CoreData.framework in Frameworks */ = {isa = PBXBuildFile; fileRef = 372AA9EB195BDC3C00994DC0 /* CoreData.framework */; };
		372AA9EF195BE87E00994DC0 /* GBFetchedResultsTableViewDataSource.m in Sources */ = {isa = PBXBuildFile; fileRef = 372AA9EE195BE87E00994DC0 /* GBFetchedResultsTableViewDataSource.m */; };
		372AA9F2195C01ED00994DC0 /* NSManagedObject+GBAdditions.m in Sources */ = {isa = PBXBuildFile; fileRef = 372AA9F1195C01ED00994DC0 /* NSManagedObject+GBAdditions.m */; };
		372AA9F5195C03FD00994DC0 /* GBSyncOperation.m in Sources */ = {isa = PBXBuildFile; fileRef = 372AA9F4195C03FD00994DC0 /* GBSyncOperation.m */; };
		372AA9F9195C0AAE00994DC0 /* GBProfilesDataModel.xcdatamodeld in Sources */ = {isa = PBXBuildFile; fileRef = 372AA9F7195C0AAE00994DC0 /* GBProfilesDataModel.xcdatamodeld */; };
		372AAA03195C1ED700994DC0 /* Profile.m in Sources */ = {isa = PBXBuildFile; fileRef = 372AAA02195C1ED700994DC0 /* Profile.m */; };
		37402CC9195CBB0100D76B26 /* README.md in Resources */ = {isa = PBXBuildFile; fileRef = 37402CC8195CBB0100D76B26 /* README.md */; };
		37402CCB195D63AD00D76B26 /* WebPageParserTests.m in Sources */ = {isa = PBXBuildFile; fileRef = 37402CCA195D63AD00D76B26 /* WebPageParserTests.m */; };
		37455589196149F0009A3AEE /* whoswho21.html in Resources */ = {isa = PBXBuildFile; fileRef = 37455588196149F0009A3AEE /* whoswho21.html */; };
		3745558A196149F0009A3AEE /* whoswho21.html in Resources */ = {isa = PBXBuildFile; fileRef = 37455588196149F0009A3AEE /* whoswho21.html */; };
		3745558C19614AFB009A3AEE /* whoswho9.html in Resources */ = {isa = PBXBuildFile; fileRef = 3745558B19614AFB009A3AEE /* whoswho9.html */; };
		3745558D19614AFB009A3AEE /* whoswho9.html in Resources */ = {isa = PBXBuildFile; fileRef = 3745558B19614AFB009A3AEE /* whoswho9.html */; };
		3745558F196167BE009A3AEE /* GBSyncOperationTests.m in Sources */ = {isa = PBXBuildFile; fileRef = 3745558E196167BE009A3AEE /* GBSyncOperationTests.m */; };
		3781B8D6196089310042EEC9 /* GBSyncOperation.m in Sources */ = {isa = PBXBuildFile; fileRef = 372AA9F4195C03FD00994DC0 /* GBSyncOperation.m */; };
		3781B8D91960AC7D0042EEC9 /* whoswho.html in Resources */ = {isa = PBXBuildFile; fileRef = 3781B8D81960AC7D0042EEC9 /* whoswho.html */; };
		3781B8DA1960B0430042EEC9 /* whoswho.html in Resources */ = {isa = PBXBuildFile; fileRef = 3781B8D81960AC7D0042EEC9 /* whoswho.html */; };
		379D4481195C676A005AEC1A /* GBSpecificWebPageParser.m in Sources */ = {isa = PBXBuildFile; fileRef = 379D4480195C676A005AEC1A /* GBSpecificWebPageParser.m */; };
		37A434AF195CAB8500ADDECF /* GBDetailViewController.m in Sources */ = {isa = PBXBuildFile; fileRef = 37A434AC195CAB8500ADDECF /* GBDetailViewController.m */; };
		37A434B0195CAB8500ADDECF /* GBMasterViewController.m in Sources */ = {isa = PBXBuildFile; fileRef = 37A434AE195CAB8500ADDECF /* GBMasterViewController.m */; };
		37A434B1195CACD200ADDECF /* GBFetchedResultsTableViewDataSource.m in Sources */ = {isa = PBXBuildFile; fileRef = 372AA9EE195BE87E00994DC0 /* GBFetchedResultsTableViewDataSource.m */; };
		C1129A45D1268407E7A40076 /* Localizable.strings in Resources */ = {isa = PBXBuildFile; fileRef = C1129EC7B5AE36EB328DA620 /* Localizable.strings */; };
/* End PBXBuildFile section */

/* Begin PBXContainerItemProxy section */
		372AA9B4195B2E1D00994DC0 /* PBXContainerItemProxy */ = {
			isa = PBXContainerItemProxy;
			containerPortal = 372AA980195B2E1D00994DC0 /* Project object */;
			proxyType = 1;
			remoteGlobalIDString = 372AA987195B2E1D00994DC0;
			remoteInfo = Profiles;
		};
/* End PBXContainerItemProxy section */

/* Begin PBXFileReference section */
		3724E2CD1961AB090077151B /* whoswho9altered.html */ = {isa = PBXFileReference; fileEncoding = 4; lastKnownFileType = text.html; path = whoswho9altered.html; sourceTree = "<group>"; };
		3724E2D11961B6450077151B /* GBProfileTableViewCell.h */ = {isa = PBXFileReference; fileEncoding = 4; lastKnownFileType = sourcecode.c.h; path = GBProfileTableViewCell.h; sourceTree = "<group>"; };
		3724E2D21961B6450077151B /* GBProfileTableViewCell.m */ = {isa = PBXFileReference; fileEncoding = 4; lastKnownFileType = sourcecode.c.objc; path = GBProfileTableViewCell.m; sourceTree = "<group>"; };
		372AA988195B2E1D00994DC0 /* Profiles.app */ = {isa = PBXFileReference; explicitFileType = wrapper.application; includeInIndex = 0; path = Profiles.app; sourceTree = BUILT_PRODUCTS_DIR; };
		372AA98B195B2E1D00994DC0 /* Foundation.framework */ = {isa = PBXFileReference; lastKnownFileType = wrapper.framework; name = Foundation.framework; path = System/Library/Frameworks/Foundation.framework; sourceTree = SDKROOT; };
		372AA98D195B2E1D00994DC0 /* CoreGraphics.framework */ = {isa = PBXFileReference; lastKnownFileType = wrapper.framework; name = CoreGraphics.framework; path = System/Library/Frameworks/CoreGraphics.framework; sourceTree = SDKROOT; };
		372AA98F195B2E1D00994DC0 /* UIKit.framework */ = {isa = PBXFileReference; lastKnownFileType = wrapper.framework; name = UIKit.framework; path = System/Library/Frameworks/UIKit.framework; sourceTree = SDKROOT; };
		372AA993195B2E1D00994DC0 /* Profiles-Info.plist */ = {isa = PBXFileReference; lastKnownFileType = text.plist.xml; path = "Profiles-Info.plist"; sourceTree = "<group>"; };
		372AA995195B2E1D00994DC0 /* en */ = {isa = PBXFileReference; lastKnownFileType = text.plist.strings; name = en; path = en.lproj/InfoPlist.strings; sourceTree = "<group>"; };
		372AA997195B2E1D00994DC0 /* main.m */ = {isa = PBXFileReference; lastKnownFileType = sourcecode.c.objc; path = main.m; sourceTree = "<group>"; };
		372AA999195B2E1D00994DC0 /* Profiles-Prefix.pch */ = {isa = PBXFileReference; lastKnownFileType = sourcecode.c.h; path = "Profiles-Prefix.pch"; sourceTree = "<group>"; };
		372AA99A195B2E1D00994DC0 /* GBAppDelegate.h */ = {isa = PBXFileReference; lastKnownFileType = sourcecode.c.h; path = GBAppDelegate.h; sourceTree = "<group>"; };
		372AA99B195B2E1D00994DC0 /* GBAppDelegate.m */ = {isa = PBXFileReference; lastKnownFileType = sourcecode.c.objc; path = GBAppDelegate.m; sourceTree = "<group>"; };
		372AA99E195B2E1D00994DC0 /* Base */ = {isa = PBXFileReference; lastKnownFileType = file.storyboard; name = Base; path = Base.lproj/Main_iPhone.storyboard; sourceTree = "<group>"; };
		372AA9A1195B2E1D00994DC0 /* Base */ = {isa = PBXFileReference; lastKnownFileType = file.storyboard; name = Base; path = Base.lproj/Main_iPad.storyboard; sourceTree = "<group>"; };
		372AA9A9195B2E1D00994DC0 /* Images.xcassets */ = {isa = PBXFileReference; lastKnownFileType = folder.assetcatalog; name = Images.xcassets; path = ../Images.xcassets; sourceTree = "<group>"; };
		372AA9AF195B2E1D00994DC0 /* ProfilesTests.xctest */ = {isa = PBXFileReference; explicitFileType = wrapper.cfbundle; includeInIndex = 0; path = ProfilesTests.xctest; sourceTree = BUILT_PRODUCTS_DIR; };
		372AA9B0195B2E1D00994DC0 /* XCTest.framework */ = {isa = PBXFileReference; lastKnownFileType = wrapper.framework; name = XCTest.framework; path = Library/Frameworks/XCTest.framework; sourceTree = DEVELOPER_DIR; };
		372AA9B8195B2E1D00994DC0 /* ProfilesTests-Info.plist */ = {isa = PBXFileReference; lastKnownFileType = text.plist.xml; path = "ProfilesTests-Info.plist"; sourceTree = "<group>"; };
		372AA9BA195B2E1D00994DC0 /* en */ = {isa = PBXFileReference; lastKnownFileType = text.plist.strings; name = en; path = en.lproj/InfoPlist.strings; sourceTree = "<group>"; };
		372AA9BC195B2E1D00994DC0 /* GBProfilesTests.m */ = {isa = PBXFileReference; lastKnownFileType = sourcecode.c.objc; path = GBProfilesTests.m; sourceTree = "<group>"; };
		372AA9CB195B31C500994DC0 /* TFHpple.h */ = {isa = PBXFileReference; fileEncoding = 4; lastKnownFileType = sourcecode.c.h; path = TFHpple.h; sourceTree = "<group>"; };
		372AA9CC195B31C500994DC0 /* TFHpple.m */ = {isa = PBXFileReference; fileEncoding = 4; lastKnownFileType = sourcecode.c.objc; path = TFHpple.m; sourceTree = "<group>"; };
		372AA9CD195B31C500994DC0 /* TFHppleElement.h */ = {isa = PBXFileReference; fileEncoding = 4; lastKnownFileType = sourcecode.c.h; path = TFHppleElement.h; sourceTree = "<group>"; };
		372AA9CE195B31C500994DC0 /* TFHppleElement.m */ = {isa = PBXFileReference; fileEncoding = 4; lastKnownFileType = sourcecode.c.objc; path = TFHppleElement.m; sourceTree = "<group>"; };
		372AA9CF195B31C500994DC0 /* XPathQuery.h */ = {isa = PBXFileReference; fileEncoding = 4; lastKnownFileType = sourcecode.c.h; path = XPathQuery.h; sourceTree = "<group>"; };
		372AA9D0195B31C500994DC0 /* XPathQuery.m */ = {isa = PBXFileReference; fileEncoding = 4; lastKnownFileType = sourcecode.c.objc; path = XPathQuery.m; sourceTree = "<group>"; };
		372AA9D8195B568A00994DC0 /* libxml2.dylib */ = {isa = PBXFileReference; lastKnownFileType = "compiled.mach-o.dylib"; name = libxml2.dylib; path = usr/lib/libxml2.dylib; sourceTree = SDKROOT; };
		372AA9DD195B6A1800994DC0 /* UIImage+Download.h */ = {isa = PBXFileReference; fileEncoding = 4; lastKnownFileType = sourcecode.c.h; name = "UIImage+Download.h"; path = "../../UIImage+Download.h"; sourceTree = "<group>"; };
		372AA9DE195B6A1800994DC0 /* UIImage+Download.m */ = {isa = PBXFileReference; fileEncoding = 4; lastKnownFileType = sourcecode.c.objc; name = "UIImage+Download.m"; path = "../../UIImage+Download.m"; sourceTree = "<group>"; };
		372AA9E0195B714A00994DC0 /* avatar.png */ = {isa = PBXFileReference; lastKnownFileType = image.png; name = avatar.png; path = ../avatar.png; sourceTree = "<group>"; };
		372AA9E5195BD13A00994DC0 /* UIImage+GBAdditions.h */ = {isa = PBXFileReference; fileEncoding = 4; lastKnownFileType = sourcecode.c.h; name = "UIImage+GBAdditions.h"; path = "../UIImage+GBAdditions.h"; sourceTree = "<group>"; };
		372AA9E6195BD13A00994DC0 /* UIImage+GBAdditions.m */ = {isa = PBXFileReference; fileEncoding = 4; lastKnownFileType = sourcecode.c.objc; name = "UIImage+GBAdditions.m"; path = "../UIImage+GBAdditions.m"; sourceTree = "<group>"; };
		372AA9E8195BDB7000994DC0 /* GBCoreData.h */ = {isa = PBXFileReference; fileEncoding = 4; lastKnownFileType = sourcecode.c.h; name = GBCoreData.h; path = ../GBCoreData.h; sourceTree = "<group>"; };
		372AA9E9195BDB7000994DC0 /* GBCoreData.m */ = {isa = PBXFileReference; fileEncoding = 4; lastKnownFileType = sourcecode.c.objc; name = GBCoreData.m; path = ../GBCoreData.m; sourceTree = "<group>"; };
		372AA9EB195BDC3C00994DC0 /* CoreData.framework */ = {isa = PBXFileReference; lastKnownFileType = wrapper.framework; name = CoreData.framework; path = System/Library/Frameworks/CoreData.framework; sourceTree = SDKROOT; };
		372AA9ED195BE87E00994DC0 /* GBFetchedResultsTableViewDataSource.h */ = {isa = PBXFileReference; fileEncoding = 4; lastKnownFileType = sourcecode.c.h; name = GBFetchedResultsTableViewDataSource.h; path = ../GBFetchedResultsTableViewDataSource.h; sourceTree = "<group>"; };
		372AA9EE195BE87E00994DC0 /* GBFetchedResultsTableViewDataSource.m */ = {isa = PBXFileReference; fileEncoding = 4; lastKnownFileType = sourcecode.c.objc; name = GBFetchedResultsTableViewDataSource.m; path = ../GBFetchedResultsTableViewDataSource.m; sourceTree = "<group>"; };
		372AA9F0195C01ED00994DC0 /* NSManagedObject+GBAdditions.h */ = {isa = PBXFileReference; fileEncoding = 4; lastKnownFileType = sourcecode.c.h; name = "NSManagedObject+GBAdditions.h"; path = "../NSManagedObject+GBAdditions.h"; sourceTree = "<group>"; };
		372AA9F1195C01ED00994DC0 /* NSManagedObject+GBAdditions.m */ = {isa = PBXFileReference; fileEncoding = 4; lastKnownFileType = sourcecode.c.objc; name = "NSManagedObject+GBAdditions.m"; path = "../NSManagedObject+GBAdditions.m"; sourceTree = "<group>"; };
		372AA9F3195C03FD00994DC0 /* GBSyncOperation.h */ = {isa = PBXFileReference; fileEncoding = 4; lastKnownFileType = sourcecode.c.h; name = GBSyncOperation.h; path = ../GBSyncOperation.h; sourceTree = "<group>"; };
		372AA9F4195C03FD00994DC0 /* GBSyncOperation.m */ = {isa = PBXFileReference; fileEncoding = 4; lastKnownFileType = sourcecode.c.objc; name = GBSyncOperation.m; path = ../GBSyncOperation.m; sourceTree = "<group>"; };
		372AA9F8195C0AAE00994DC0 /* GBProfilesDataModel.xcdatamodel */ = {isa = PBXFileReference; lastKnownFileType = wrapper.xcdatamodel; path = GBProfilesDataModel.xcdatamodel; sourceTree = "<group>"; };
		372AAA01195C1ED700994DC0 /* Profile.h */ = {isa = PBXFileReference; fileEncoding = 4; lastKnownFileType = sourcecode.c.h; path = Profile.h; sourceTree = "<group>"; };
		372AAA02195C1ED700994DC0 /* Profile.m */ = {isa = PBXFileReference; fileEncoding = 4; lastKnownFileType = sourcecode.c.objc; path = Profile.m; sourceTree = "<group>"; };
		37402CC8195CBB0100D76B26 /* README.md */ = {isa = PBXFileReference; fileEncoding = 4; lastKnownFileType = text; path = README.md; sourceTree = "<group>"; };
		37402CCA195D63AD00D76B26 /* WebPageParserTests.m */ = {isa = PBXFileReference; fileEncoding = 4; lastKnownFileType = sourcecode.c.objc; path = WebPageParserTests.m; sourceTree = "<group>"; };
		37455588196149F0009A3AEE /* whoswho21.html */ = {isa = PBXFileReference; fileEncoding = 4; lastKnownFileType = text.html; path = whoswho21.html; sourceTree = "<group>"; };
		3745558B19614AFB009A3AEE /* whoswho9.html */ = {isa = PBXFileReference; fileEncoding = 4; lastKnownFileType = text.html; path = whoswho9.html; sourceTree = "<group>"; };
		3745558E196167BE009A3AEE /* GBSyncOperationTests.m */ = {isa = PBXFileReference; fileEncoding = 4; lastKnownFileType = sourcecode.c.objc; path = GBSyncOperationTests.m; sourceTree = "<group>"; };
		3781B8D81960AC7D0042EEC9 /* whoswho.html */ = {isa = PBXFileReference; fileEncoding = 4; lastKnownFileType = text.html; path = whoswho.html; sourceTree = "<group>"; };
		379D447F195C676A005AEC1A /* GBSpecificWebPageParser.h */ = {isa = PBXFileReference; fileEncoding = 4; lastKnownFileType = sourcecode.c.h; path = GBSpecificWebPageParser.h; sourceTree = "<group>"; };
		379D4480195C676A005AEC1A /* GBSpecificWebPageParser.m */ = {isa = PBXFileReference; fileEncoding = 4; lastKnownFileType = sourcecode.c.objc; path = GBSpecificWebPageParser.m; sourceTree = "<group>"; };
		37A434AB195CAB8500ADDECF /* GBDetailViewController.h */ = {isa = PBXFileReference; fileEncoding = 4; lastKnownFileType = sourcecode.c.h; name = GBDetailViewController.h; path = Profiles/GBDetailViewController.h; sourceTree = SOURCE_ROOT; };
		37A434AC195CAB8500ADDECF /* GBDetailViewController.m */ = {isa = PBXFileReference; fileEncoding = 4; lastKnownFileType = sourcecode.c.objc; name = GBDetailViewController.m; path = Profiles/GBDetailViewController.m; sourceTree = SOURCE_ROOT; };
		37A434AD195CAB8500ADDECF /* GBMasterViewController.h */ = {isa = PBXFileReference; fileEncoding = 4; lastKnownFileType = sourcecode.c.h; name = GBMasterViewController.h; path = Profiles/GBMasterViewController.h; sourceTree = SOURCE_ROOT; };
		37A434AE195CAB8500ADDECF /* GBMasterViewController.m */ = {isa = PBXFileReference; fileEncoding = 4; lastKnownFileType = sourcecode.c.objc; name = GBMasterViewController.m; path = Profiles/GBMasterViewController.m; sourceTree = SOURCE_ROOT; };
		C1129EC7B5AE36EB328DA620 /* Localizable.strings */ = {isa = PBXFileReference; fileEncoding = 4; lastKnownFileType = text.plist.strings; path = Localizable.strings; sourceTree = "<group>"; };
/* End PBXFileReference section */

/* Begin PBXFrameworksBuildPhase section */
		372AA985195B2E1D00994DC0 /* Frameworks */ = {
			isa = PBXFrameworksBuildPhase;
			buildActionMask = 2147483647;
			files = (
				372AA9EC195BDC3C00994DC0 /* CoreData.framework in Frameworks */,
				372AA9D9195B568A00994DC0 /* libxml2.dylib in Frameworks */,
				372AA98E195B2E1D00994DC0 /* CoreGraphics.framework in Frameworks */,
				372AA990195B2E1D00994DC0 /* UIKit.framework in Frameworks */,
				372AA98C195B2E1D00994DC0 /* Foundation.framework in Frameworks */,
			);
			runOnlyForDeploymentPostprocessing = 0;
		};
		372AA9AC195B2E1D00994DC0 /* Frameworks */ = {
			isa = PBXFrameworksBuildPhase;
			buildActionMask = 2147483647;
			files = (
				372AA9DA195B572400994DC0 /* libxml2.dylib in Frameworks */,
				372AA9B1195B2E1D00994DC0 /* XCTest.framework in Frameworks */,
				372AA9B3195B2E1D00994DC0 /* UIKit.framework in Frameworks */,
				372AA9B2195B2E1D00994DC0 /* Foundation.framework in Frameworks */,
			);
			runOnlyForDeploymentPostprocessing = 0;
		};
/* End PBXFrameworksBuildPhase section */

/* Begin PBXGroup section */
		3724E2D01961B6180077151B /* Views */ = {
			isa = PBXGroup;
			children = (
				3724E2D11961B6450077151B /* GBProfileTableViewCell.h */,
				3724E2D21961B6450077151B /* GBProfileTableViewCell.m */,
			);
			path = Views;
			sourceTree = "<group>";
		};
		372AA97F195B2E1D00994DC0 = {
			isa = PBXGroup;
			children = (
				37402CC8195CBB0100D76B26 /* README.md */,
				372AA991195B2E1D00994DC0 /* Profiles */,
				372AA9B6195B2E1D00994DC0 /* ProfilesTests */,
				372AA98A195B2E1D00994DC0 /* Frameworks */,
				372AA989195B2E1D00994DC0 /* Products */,
			);
			sourceTree = "<group>";
		};
		372AA989195B2E1D00994DC0 /* Products */ = {
			isa = PBXGroup;
			children = (
				372AA988195B2E1D00994DC0 /* Profiles.app */,
				372AA9AF195B2E1D00994DC0 /* ProfilesTests.xctest */,
			);
			name = Products;
			sourceTree = "<group>";
		};
		372AA98A195B2E1D00994DC0 /* Frameworks */ = {
			isa = PBXGroup;
			children = (
				372AA9EB195BDC3C00994DC0 /* CoreData.framework */,
				372AA98D195B2E1D00994DC0 /* CoreGraphics.framework */,
				372AA98B195B2E1D00994DC0 /* Foundation.framework */,
				372AA9D8195B568A00994DC0 /* libxml2.dylib */,
				372AA98F195B2E1D00994DC0 /* UIKit.framework */,
				372AA9B0195B2E1D00994DC0 /* XCTest.framework */,
			);
			name = Frameworks;
			sourceTree = "<group>";
		};
		372AA991195B2E1D00994DC0 /* Profiles */ = {
			isa = PBXGroup;
			children = (
				3724E2D01961B6180077151B /* Views */,
				372AAA00195C13E200994DC0 /* App */,
				372AA9FF195C13A700994DC0 /* Categories */,
				372AA9FD195C133E00994DC0 /* Controllers */,
				372AA9F6195C09EE00994DC0 /* Coredata */,
				372AA9D4195B325100994DC0 /* Models */,
				372AA9FE195C136B00994DC0 /* Resources */,
				372AA992195B2E1D00994DC0 /* Supporting Files */,
				377A9A5C195C457700EBE3CB /* Sync */,
				372AA9C9195B318400994DC0 /* Third Parties */,
				C1129EC7B5AE36EB328DA620 /* Localizable.strings */,
			);
			path = Profiles;
			sourceTree = "<group>";
		};
		372AA992195B2E1D00994DC0 /* Supporting Files */ = {
			isa = PBXGroup;
			children = (
				372AA993195B2E1D00994DC0 /* Profiles-Info.plist */,
				372AA994195B2E1D00994DC0 /* InfoPlist.strings */,
				372AA997195B2E1D00994DC0 /* main.m */,
				372AA999195B2E1D00994DC0 /* Profiles-Prefix.pch */,
			);
			name = "Supporting Files";
			sourceTree = "<group>";
		};
		372AA9B6195B2E1D00994DC0 /* ProfilesTests */ = {
			isa = PBXGroup;
			children = (
				3781B8D71960AC660042EEC9 /* Data */,
				372AA9BC195B2E1D00994DC0 /* GBProfilesTests.m */,
				3745558E196167BE009A3AEE /* GBSyncOperationTests.m */,
				372AA9B7195B2E1D00994DC0 /* Supporting Files */,
				37402CCA195D63AD00D76B26 /* WebPageParserTests.m */,
			);
			path = ProfilesTests;
			sourceTree = "<group>";
		};
		372AA9B7195B2E1D00994DC0 /* Supporting Files */ = {
			isa = PBXGroup;
			children = (
				372AA9B8195B2E1D00994DC0 /* ProfilesTests-Info.plist */,
				372AA9B9195B2E1D00994DC0 /* InfoPlist.strings */,
			);
			name = "Supporting Files";
			sourceTree = "<group>";
		};
		372AA9C9195B318400994DC0 /* Third Parties */ = {
			isa = PBXGroup;
			children = (
				372AA9CA195B31B300994DC0 /* TFHpple */,
			);
			path = "Third Parties";
			sourceTree = "<group>";
		};
		372AA9CA195B31B300994DC0 /* TFHpple */ = {
			isa = PBXGroup;
			children = (
				372AA9CB195B31C500994DC0 /* TFHpple.h */,
				372AA9CC195B31C500994DC0 /* TFHpple.m */,
				372AA9CD195B31C500994DC0 /* TFHppleElement.h */,
				372AA9CE195B31C500994DC0 /* TFHppleElement.m */,
				372AA9CF195B31C500994DC0 /* XPathQuery.h */,
				372AA9D0195B31C500994DC0 /* XPathQuery.m */,
			);
			name = TFHpple;
			sourceTree = "<group>";
		};
		372AA9D4195B325100994DC0 /* Models */ = {
			isa = PBXGroup;
			children = (
				372AAA01195C1ED700994DC0 /* Profile.h */,
				372AAA02195C1ED700994DC0 /* Profile.m */,
			);
			path = Models;
			sourceTree = "<group>";
		};
		372AA9F6195C09EE00994DC0 /* Coredata */ = {
			isa = PBXGroup;
			children = (
				372AA9E8195BDB7000994DC0 /* GBCoreData.h */,
				372AA9E9195BDB7000994DC0 /* GBCoreData.m */,
				372AA9ED195BE87E00994DC0 /* GBFetchedResultsTableViewDataSource.h */,
				372AA9EE195BE87E00994DC0 /* GBFetchedResultsTableViewDataSource.m */,
				372AA9F7195C0AAE00994DC0 /* GBProfilesDataModel.xcdatamodeld */,
			);
			name = Coredata;
			path = Data;
			sourceTree = "<group>";
		};
		372AA9FD195C133E00994DC0 /* Controllers */ = {
			isa = PBXGroup;
			children = (
				37A434AB195CAB8500ADDECF /* GBDetailViewController.h */,
				37A434AC195CAB8500ADDECF /* GBDetailViewController.m */,
				37A434AD195CAB8500ADDECF /* GBMasterViewController.h */,
				37A434AE195CAB8500ADDECF /* GBMasterViewController.m */,
			);
			path = Controllers;
			sourceTree = "<group>";
		};
		372AA9FE195C136B00994DC0 /* Resources */ = {
			isa = PBXGroup;
			children = (
				372AA9E0195B714A00994DC0 /* avatar.png */,
				372AA9A9195B2E1D00994DC0 /* Images.xcassets */,
				372AA9A0195B2E1D00994DC0 /* Main_iPad.storyboard */,
				372AA99D195B2E1D00994DC0 /* Main_iPhone.storyboard */,
			);
			path = Resources;
			sourceTree = "<group>";
		};
		372AA9FF195C13A700994DC0 /* Categories */ = {
			isa = PBXGroup;
			children = (
				372AA9F0195C01ED00994DC0 /* NSManagedObject+GBAdditions.h */,
				372AA9F1195C01ED00994DC0 /* NSManagedObject+GBAdditions.m */,
				372AA9DD195B6A1800994DC0 /* UIImage+Download.h */,
				372AA9DE195B6A1800994DC0 /* UIImage+Download.m */,
				372AA9E5195BD13A00994DC0 /* UIImage+GBAdditions.h */,
				372AA9E6195BD13A00994DC0 /* UIImage+GBAdditions.m */,
			);
			path = Categories;
			sourceTree = "<group>";
		};
		372AAA00195C13E200994DC0 /* App */ = {
			isa = PBXGroup;
			children = (
				372AA99A195B2E1D00994DC0 /* GBAppDelegate.h */,
				372AA99B195B2E1D00994DC0 /* GBAppDelegate.m */,
			);
			name = App;
			sourceTree = "<group>";
		};
		377A9A5C195C457700EBE3CB /* Sync */ = {
			isa = PBXGroup;
			children = (
				379D447F195C676A005AEC1A /* GBSpecificWebPageParser.h */,
				379D4480195C676A005AEC1A /* GBSpecificWebPageParser.m */,
				372AA9F3195C03FD00994DC0 /* GBSyncOperation.h */,
				372AA9F4195C03FD00994DC0 /* GBSyncOperation.m */,
			);
			path = Sync;
			sourceTree = "<group>";
		};
		3781B8D71960AC660042EEC9 /* Data */ = {
			isa = PBXGroup;
			children = (
				3724E2CD1961AB090077151B /* whoswho9altered.html */,
				37455588196149F0009A3AEE /* whoswho21.html */,
				3781B8D81960AC7D0042EEC9 /* whoswho.html */,
				3745558B19614AFB009A3AEE /* whoswho9.html */,
			);
			name = Data;
			sourceTree = "<group>";
		};
/* End PBXGroup section */

/* Begin PBXNativeTarget section */
		372AA987195B2E1D00994DC0 /* Profiles */ = {
			isa = PBXNativeTarget;
			buildConfigurationList = 372AA9C0195B2E1D00994DC0 /* Build configuration list for PBXNativeTarget "Profiles" */;
			buildPhases = (
				372AA984195B2E1D00994DC0 /* Sources */,
				372AA985195B2E1D00994DC0 /* Frameworks */,
				372AA986195B2E1D00994DC0 /* Resources */,
			);
			buildRules = (
			);
			dependencies = (
			);
			name = Profiles;
			productName = Profiles;
			productReference = 372AA988195B2E1D00994DC0 /* Profiles.app */;
			productType = "com.apple.product-type.application";
		};
		372AA9AE195B2E1D00994DC0 /* ProfilesTests */ = {
			isa = PBXNativeTarget;
			buildConfigurationList = 372AA9C3195B2E1D00994DC0 /* Build configuration list for PBXNativeTarget "ProfilesTests" */;
			buildPhases = (
				372AA9AB195B2E1D00994DC0 /* Sources */,
				372AA9AC195B2E1D00994DC0 /* Frameworks */,
				372AA9AD195B2E1D00994DC0 /* Resources */,
			);
			buildRules = (
			);
			dependencies = (
				372AA9B5195B2E1D00994DC0 /* PBXTargetDependency */,
			);
			name = ProfilesTests;
			productName = ProfilesTests;
			productReference = 372AA9AF195B2E1D00994DC0 /* ProfilesTests.xctest */;
			productType = "com.apple.product-type.bundle.unit-test";
		};
/* End PBXNativeTarget section */

/* Begin PBXProject section */
		372AA980195B2E1D00994DC0 /* Project object */ = {
			isa = PBXProject;
			attributes = {
				CLASSPREFIX = GB;
				LastUpgradeCheck = 0510;
				ORGANIZATIONNAME = Donson;
				TargetAttributes = {
					372AA9AE195B2E1D00994DC0 = {
						TestTargetID = 372AA987195B2E1D00994DC0;
					};
				};
			};
			buildConfigurationList = 372AA983195B2E1D00994DC0 /* Build configuration list for PBXProject "Profiles" */;
			compatibilityVersion = "Xcode 3.2";
			developmentRegion = English;
			hasScannedForEncodings = 0;
			knownRegions = (
				en,
				Base,
			);
			mainGroup = 372AA97F195B2E1D00994DC0;
			productRefGroup = 372AA989195B2E1D00994DC0 /* Products */;
			projectDirPath = "";
			projectRoot = "";
			targets = (
				372AA987195B2E1D00994DC0 /* Profiles */,
				372AA9AE195B2E1D00994DC0 /* ProfilesTests */,
			);
		};
/* End PBXProject section */

/* Begin PBXResourcesBuildPhase section */
		372AA986195B2E1D00994DC0 /* Resources */ = {
			isa = PBXResourcesBuildPhase;
			buildActionMask = 2147483647;
			files = (
				3724E2CE1961AB090077151B /* whoswho9altered.html in Resources */,
				37402CC9195CBB0100D76B26 /* README.md in Resources */,
				372AA9A2195B2E1D00994DC0 /* Main_iPad.storyboard in Resources */,
				372AA9E1195B714A00994DC0 /* avatar.png in Resources */,
				372AA9AA195B2E1D00994DC0 /* Images.xcassets in Resources */,
				372AA99F195B2E1D00994DC0 /* Main_iPhone.storyboard in Resources */,
				372AA996195B2E1D00994DC0 /* InfoPlist.strings in Resources */,
				37455589196149F0009A3AEE /* whoswho21.html in Resources */,
				3781B8DA1960B0430042EEC9 /* whoswho.html in Resources */,
				3745558C19614AFB009A3AEE /* whoswho9.html in Resources */,
				C1129A45D1268407E7A40076 /* Localizable.strings in Resources */,
			);
			runOnlyForDeploymentPostprocessing = 0;
		};
		372AA9AD195B2E1D00994DC0 /* Resources */ = {
			isa = PBXResourcesBuildPhase;
			buildActionMask = 2147483647;
			files = (
				3745558D19614AFB009A3AEE /* whoswho9.html in Resources */,
				3745558A196149F0009A3AEE /* whoswho21.html in Resources */,
				3724E2CF1961AB090077151B /* whoswho9altered.html in Resources */,
				3781B8D91960AC7D0042EEC9 /* whoswho.html in Resources */,
				372AA9BB195B2E1D00994DC0 /* InfoPlist.strings in Resources */,
			);
			runOnlyForDeploymentPostprocessing = 0;
		};
/* End PBXResourcesBuildPhase section */

/* Begin PBXSourcesBuildPhase section */
		372AA984195B2E1D00994DC0 /* Sources */ = {
			isa = PBXSourcesBuildPhase;
			buildActionMask = 2147483647;
			files = (
				372AA9E7195BD13A00994DC0 /* UIImage+GBAdditions.m in Sources */,
				372AA998195B2E1D00994DC0 /* main.m in Sources */,
				372AA9F5195C03FD00994DC0 /* GBSyncOperation.m in Sources */,
				372AAA03195C1ED700994DC0 /* Profile.m in Sources */,
				372AA9D2195B31C500994DC0 /* TFHppleElement.m in Sources */,
				372AA9D3195B31C500994DC0 /* XPathQuery.m in Sources */,
				372AA9F9195C0AAE00994DC0 /* GBProfilesDataModel.xcdatamodeld in Sources */,
				37A434B0195CAB8500ADDECF /* GBMasterViewController.m in Sources */,
				372AA9EA195BDB7000994DC0 /* GBCoreData.m in Sources */,
				37A434AF195CAB8500ADDECF /* GBDetailViewController.m in Sources */,
				372AA9D1195B31C500994DC0 /* TFHpple.m in Sources */,
				372AA99C195B2E1D00994DC0 /* GBAppDelegate.m in Sources */,
				372AA9F2195C01ED00994DC0 /* NSManagedObject+GBAdditions.m in Sources */,
				3724E2D31961B6450077151B /* GBProfileTableViewCell.m in Sources */,
				379D4481195C676A005AEC1A /* GBSpecificWebPageParser.m in Sources */,
				372AA9DF195B6A1800994DC0 /* UIImage+Download.m in Sources */,
				372AA9EF195BE87E00994DC0 /* GBFetchedResultsTableViewDataSource.m in Sources */,
			);
			runOnlyForDeploymentPostprocessing = 0;
		};
		372AA9AB195B2E1D00994DC0 /* Sources */ = {
			isa = PBXSourcesBuildPhase;
			buildActionMask = 2147483647;
			files = (
				37A434B1195CACD200ADDECF /* GBFetchedResultsTableViewDataSource.m in Sources */,
				3781B8D6196089310042EEC9 /* GBSyncOperation.m in Sources */,
				37402CCB195D63AD00D76B26 /* WebPageParserTests.m in Sources */,
				3745558F196167BE009A3AEE /* GBSyncOperationTests.m in Sources */,
				3724E2D41961B6450077151B /* GBProfileTableViewCell.m in Sources */,
				372AA9BD195B2E1D00994DC0 /* GBProfilesTests.m in Sources */,
			);
			runOnlyForDeploymentPostprocessing = 0;
		};
/* End PBXSourcesBuildPhase section */

/* Begin PBXTargetDependency section */
		372AA9B5195B2E1D00994DC0 /* PBXTargetDependency */ = {
			isa = PBXTargetDependency;
			target = 372AA987195B2E1D00994DC0 /* Profiles */;
			targetProxy = 372AA9B4195B2E1D00994DC0 /* PBXContainerItemProxy */;
		};
/* End PBXTargetDependency section */

/* Begin PBXVariantGroup section */
		372AA994195B2E1D00994DC0 /* InfoPlist.strings */ = {
			isa = PBXVariantGroup;
			children = (
				372AA995195B2E1D00994DC0 /* en */,
			);
			name = InfoPlist.strings;
			sourceTree = "<group>";
		};
		372AA99D195B2E1D00994DC0 /* Main_iPhone.storyboard */ = {
			isa = PBXVariantGroup;
			children = (
				372AA99E195B2E1D00994DC0 /* Base */,
			);
			name = Main_iPhone.storyboard;
			path = ..;
			sourceTree = "<group>";
		};
		372AA9A0195B2E1D00994DC0 /* Main_iPad.storyboard */ = {
			isa = PBXVariantGroup;
			children = (
				372AA9A1195B2E1D00994DC0 /* Base */,
			);
			name = Main_iPad.storyboard;
			path = ..;
			sourceTree = "<group>";
		};
		372AA9B9195B2E1D00994DC0 /* InfoPlist.strings */ = {
			isa = PBXVariantGroup;
			children = (
				372AA9BA195B2E1D00994DC0 /* en */,
			);
			name = InfoPlist.strings;
			sourceTree = "<group>";
		};
/* End PBXVariantGroup section */

/* Begin XCBuildConfiguration section */
		372AA9BE195B2E1D00994DC0 /* Debug */ = {
			isa = XCBuildConfiguration;
			buildSettings = {
				ALWAYS_SEARCH_USER_PATHS = NO;
				CLANG_CXX_LANGUAGE_STANDARD = "gnu++0x";
				CLANG_CXX_LIBRARY = "libc++";
				CLANG_ENABLE_MODULES = YES;
				CLANG_ENABLE_OBJC_ARC = YES;
				CLANG_WARN_BOOL_CONVERSION = YES;
				CLANG_WARN_CONSTANT_CONVERSION = YES;
				CLANG_WARN_DIRECT_OBJC_ISA_USAGE = YES_ERROR;
				CLANG_WARN_EMPTY_BODY = YES;
				CLANG_WARN_ENUM_CONVERSION = YES;
				CLANG_WARN_INT_CONVERSION = YES;
				CLANG_WARN_OBJC_ROOT_CLASS = YES_ERROR;
				CLANG_WARN__DUPLICATE_METHOD_MATCH = YES;
				CODE_SIGN_IDENTITY = "iPhone Developer";
				"CODE_SIGN_IDENTITY[sdk=iphoneos*]" = "iPhone Developer";
				COPY_PHASE_STRIP = NO;
				GCC_C_LANGUAGE_STANDARD = gnu99;
				GCC_DYNAMIC_NO_PIC = NO;
				GCC_OPTIMIZATION_LEVEL = 0;
				GCC_PREPROCESSOR_DEFINITIONS = (
					"DEBUG=1",
					"$(inherited)",
				);
				GCC_SYMBOLS_PRIVATE_EXTERN = NO;
				GCC_WARN_64_TO_32_BIT_CONVERSION = YES;
				GCC_WARN_ABOUT_RETURN_TYPE = YES_ERROR;
				GCC_WARN_UNDECLARED_SELECTOR = YES;
				GCC_WARN_UNINITIALIZED_AUTOS = YES_AGGRESSIVE;
				GCC_WARN_UNUSED_FUNCTION = YES;
				GCC_WARN_UNUSED_VARIABLE = YES;
				IPHONEOS_DEPLOYMENT_TARGET = 7.1;
				ONLY_ACTIVE_ARCH = YES;
				PROVISIONING_PROFILE = "ADAB3A1D-0C6A-40C0-BE71-F879587F135B";
				SDKROOT = iphoneos;
				TARGETED_DEVICE_FAMILY = "1,2";
			};
			name = Debug;
		};
		372AA9BF195B2E1D00994DC0 /* Release */ = {
			isa = XCBuildConfiguration;
			buildSettings = {
				ALWAYS_SEARCH_USER_PATHS = NO;
				CLANG_CXX_LANGUAGE_STANDARD = "gnu++0x";
				CLANG_CXX_LIBRARY = "libc++";
				CLANG_ENABLE_MODULES = YES;
				CLANG_ENABLE_OBJC_ARC = YES;
				CLANG_WARN_BOOL_CONVERSION = YES;
				CLANG_WARN_CONSTANT_CONVERSION = YES;
				CLANG_WARN_DIRECT_OBJC_ISA_USAGE = YES_ERROR;
				CLANG_WARN_EMPTY_BODY = YES;
				CLANG_WARN_ENUM_CONVERSION = YES;
				CLANG_WARN_INT_CONVERSION = YES;
				CLANG_WARN_OBJC_ROOT_CLASS = YES_ERROR;
				CLANG_WARN__DUPLICATE_METHOD_MATCH = YES;
				CODE_SIGN_IDENTITY = "iPhone Developer";
				"CODE_SIGN_IDENTITY[sdk=iphoneos*]" = "iPhone Developer";
				COPY_PHASE_STRIP = YES;
				ENABLE_NS_ASSERTIONS = NO;
				GCC_C_LANGUAGE_STANDARD = gnu99;
				GCC_WARN_64_TO_32_BIT_CONVERSION = YES;
				GCC_WARN_ABOUT_RETURN_TYPE = YES_ERROR;
				GCC_WARN_UNDECLARED_SELECTOR = YES;
				GCC_WARN_UNINITIALIZED_AUTOS = YES_AGGRESSIVE;
				GCC_WARN_UNUSED_FUNCTION = YES;
				GCC_WARN_UNUSED_VARIABLE = YES;
				IPHONEOS_DEPLOYMENT_TARGET = 7.1;
				PROVISIONING_PROFILE = "ADAB3A1D-0C6A-40C0-BE71-F879587F135B";
				SDKROOT = iphoneos;
				TARGETED_DEVICE_FAMILY = "1,2";
				VALIDATE_PRODUCT = YES;
			};
			name = Release;
		};
		372AA9C1195B2E1D00994DC0 /* Debug */ = {
			isa = XCBuildConfiguration;
			buildSettings = {
				ASSETCATALOG_COMPILER_APPICON_NAME = AppIcon;
				ASSETCATALOG_COMPILER_LAUNCHIMAGE_NAME = LaunchImage;
				GCC_PRECOMPILE_PREFIX_HEADER = YES;
				GCC_PREFIX_HEADER = "Profiles/Profiles-Prefix.pch";
				HEADER_SEARCH_PATHS = (
					"$(inherited)",
					/Applications/Xcode.app/Contents/Developer/Toolchains/XcodeDefault.xctoolchain/usr/include,
					"$(SDKROOT)/usr/include/libxml2",
				);
				INFOPLIST_FILE = "Profiles/Profiles-Info.plist";
				PRODUCT_NAME = "$(TARGET_NAME)";
				WRAPPER_EXTENSION = app;
			};
			name = Debug;
		};
		372AA9C2195B2E1D00994DC0 /* Release */ = {
			isa = XCBuildConfiguration;
			buildSettings = {
				ASSETCATALOG_COMPILER_APPICON_NAME = AppIcon;
				ASSETCATALOG_COMPILER_LAUNCHIMAGE_NAME = LaunchImage;
				GCC_PRECOMPILE_PREFIX_HEADER = YES;
				GCC_PREFIX_HEADER = "Profiles/Profiles-Prefix.pch";
				HEADER_SEARCH_PATHS = (
					"$(inherited)",
					/Applications/Xcode.app/Contents/Developer/Toolchains/XcodeDefault.xctoolchain/usr/include,
					"$(SDKROOT)/usr/include/libxml2",
				);
				INFOPLIST_FILE = "Profiles/Profiles-Info.plist";
				PRODUCT_NAME = "$(TARGET_NAME)";
				WRAPPER_EXTENSION = app;
			};
			name = Release;
		};
		372AA9C4195B2E1D00994DC0 /* Debug */ = {
			isa = XCBuildConfiguration;
			buildSettings = {
				BUNDLE_LOADER = "$(BUILT_PRODUCTS_DIR)/Profiles.app/Profiles";
				CODE_SIGN_IDENTITY = "iPhone Developer";
				FRAMEWORK_SEARCH_PATHS = (
					"$(SDKROOT)/Developer/Library/Frameworks",
					"$(inherited)",
					"$(DEVELOPER_FRAMEWORKS_DIR)",
				);
				GCC_PRECOMPILE_PREFIX_HEADER = YES;
				GCC_PREFIX_HEADER = "Profiles/Profiles-Prefix.pch";
				GCC_PREPROCESSOR_DEFINITIONS = (
					"DEBUG=1",
					"$(inherited)",
				);
				GCC_TREAT_WARNINGS_AS_ERRORS = YES;
				INFOPLIST_FILE = "ProfilesTests/ProfilesTests-Info.plist";
				PRODUCT_NAME = "$(TARGET_NAME)";
				TEST_HOST = "$(BUNDLE_LOADER)";
				WRAPPER_EXTENSION = xctest;
			};
			name = Debug;
		};
		372AA9C5195B2E1D00994DC0 /* Release */ = {
			isa = XCBuildConfiguration;
			buildSettings = {
				BUNDLE_LOADER = "$(BUILT_PRODUCTS_DIR)/Profiles.app/Profiles";
				CODE_SIGN_IDENTITY = "iPhone Developer";
				FRAMEWORK_SEARCH_PATHS = (
					"$(SDKROOT)/Developer/Library/Frameworks",
					"$(inherited)",
					"$(DEVELOPER_FRAMEWORKS_DIR)",
				);
				GCC_PRECOMPILE_PREFIX_HEADER = YES;
				GCC_PREFIX_HEADER = "Profiles/Profiles-Prefix.pch";
				GCC_TREAT_WARNINGS_AS_ERRORS = YES;
				INFOPLIST_FILE = "ProfilesTests/ProfilesTests-Info.plist";
				PRODUCT_NAME = "$(TARGET_NAME)";
				TEST_HOST = "$(BUNDLE_LOADER)";
				WRAPPER_EXTENSION = xctest;
			};
			name = Release;
		};
/* End XCBuildConfiguration section */

/* Begin XCConfigurationList section */
		372AA983195B2E1D00994DC0 /* Build configuration list for PBXProject "Profiles" */ = {
			isa = XCConfigurationList;
			buildConfigurations = (
				372AA9BE195B2E1D00994DC0 /* Debug */,
				372AA9BF195B2E1D00994DC0 /* Release */,
			);
			defaultConfigurationIsVisible = 0;
			defaultConfigurationName = Release;
		};
		372AA9C0195B2E1D00994DC0 /* Build configuration list for PBXNativeTarget "Profiles" */ = {
			isa = XCConfigurationList;
			buildConfigurations = (
				372AA9C1195B2E1D00994DC0 /* Debug */,
				372AA9C2195B2E1D00994DC0 /* Release */,
			);
			defaultConfigurationIsVisible = 0;
			defaultConfigurationName = Release;
		};
		372AA9C3195B2E1D00994DC0 /* Build configuration list for PBXNativeTarget "ProfilesTests" */ = {
			isa = XCConfigurationList;
			buildConfigurations = (
				372AA9C4195B2E1D00994DC0 /* Debug */,
				372AA9C5195B2E1D00994DC0 /* Release */,
			);
			defaultConfigurationIsVisible = 0;
			defaultConfigurationName = Release;
		};
/* End XCConfigurationList section */

/* Begin XCVersionGroup section */
		372AA9F7195C0AAE00994DC0 /* GBProfilesDataModel.xcdatamodeld */ = {
			isa = XCVersionGroup;
			children = (
				372AA9F8195C0AAE00994DC0 /* GBProfilesDataModel.xcdatamodel */,
			);
			currentVersion = 372AA9F8195C0AAE00994DC0 /* GBProfilesDataModel.xcdatamodel */;
			path = GBProfilesDataModel.xcdatamodeld;
			sourceTree = "<group>";
			versionGroupType = wrapper.xcdatamodel;
		};
/* End XCVersionGroup section */
	};
	rootObject = 372AA980195B2E1D00994DC0 /* Project object */;
}
