// !$*UTF8*$!
{
	archiveVersion = 1;
	classes = {
	};
	objectVersion = 46;
	objects = {

/* Begin PBXBuildFile section */
		372AA8FE195B299000994DC0 /* Foundation.framework in Frameworks */ = {isa = PBXBuildFile; fileRef = 372AA8FD195B299000994DC0 /* Foundation.framework */; };
		372AA900195B299000994DC0 /* CoreGraphics.framework in Frameworks */ = {isa = PBXBuildFile; fileRef = 372AA8FF195B299000994DC0 /* CoreGraphics.framework */; };
		372AA902195B299000994DC0 /* UIKit.framework in Frameworks */ = {isa = PBXBuildFile; fileRef = 372AA901195B299000994DC0 /* UIKit.framework */; };
		372AA908195B299000994DC0 /* InfoPlist.strings in Resources */ = {isa = PBXBuildFile; fileRef = 372AA906195B299000994DC0 /* InfoPlist.strings */; };
		372AA90A195B299000994DC0 /* main.m in Sources */ = {isa = PBXBuildFile; fileRef = 372AA909195B299000994DC0 /* main.m */; };
		372AA90E195B299000994DC0 /* GBAppDelegate.m in Sources */ = {isa = PBXBuildFile; fileRef = 372AA90D195B299000994DC0 /* GBAppDelegate.m */; };
		372AA911195B299000994DC0 /* Main_iPhone.storyboard in Resources */ = {isa = PBXBuildFile; fileRef = 372AA90F195B299000994DC0 /* Main_iPhone.storyboard */; };
		372AA914195B299000994DC0 /* Main_iPad.storyboard in Resources */ = {isa = PBXBuildFile; fileRef = 372AA912195B299000994DC0 /* Main_iPad.storyboard */; };
		372AA917195B299000994DC0 /* GBMasterViewController.m in Sources */ = {isa = PBXBuildFile; fileRef = 372AA916195B299000994DC0 /* GBMasterViewController.m */; };
		372AA91A195B299000994DC0 /* GBDetailViewController.m in Sources */ = {isa = PBXBuildFile; fileRef = 372AA919195B299000994DC0 /* GBDetailViewController.m */; };
		372AA91C195B299000994DC0 /* Images.xcassets in Resources */ = {isa = PBXBuildFile; fileRef = 372AA91B195B299000994DC0 /* Images.xcassets */; };
		372AA923195B299000994DC0 /* XCTest.framework in Frameworks */ = {isa = PBXBuildFile; fileRef = 372AA922195B299000994DC0 /* XCTest.framework */; };
		372AA924195B299000994DC0 /* Foundation.framework in Frameworks */ = {isa = PBXBuildFile; fileRef = 372AA8FD195B299000994DC0 /* Foundation.framework */; };
		372AA925195B299000994DC0 /* UIKit.framework in Frameworks */ = {isa = PBXBuildFile; fileRef = 372AA901195B299000994DC0 /* UIKit.framework */; };
		372AA92D195B299000994DC0 /* InfoPlist.strings in Resources */ = {isa = PBXBuildFile; fileRef = 372AA92B195B299000994DC0 /* InfoPlist.strings */; };
		372AA92F195B299000994DC0 /* ProfilesTests.m in Sources */ = {isa = PBXBuildFile; fileRef = 372AA92E195B299000994DC0 /* ProfilesTests.m */; };
/* End PBXBuildFile section */

/* Begin PBXContainerItemProxy section */
		372AA926195B299000994DC0 /* PBXContainerItemProxy */ = {
			isa = PBXContainerItemProxy;
			containerPortal = 372AA8F2195B299000994DC0 /* Project object */;
			proxyType = 1;
			remoteGlobalIDString = 372AA8F9195B299000994DC0;
			remoteInfo = Profiles;
		};
/* End PBXContainerItemProxy section */

/* Begin PBXFileReference section */
		372AA8FA195B299000994DC0 /* Profiles.app */ = {isa = PBXFileReference; explicitFileType = wrapper.application; includeInIndex = 0; path = Profiles.app; sourceTree = BUILT_PRODUCTS_DIR; };
		372AA8FD195B299000994DC0 /* Foundation.framework */ = {isa = PBXFileReference; lastKnownFileType = wrapper.framework; name = Foundation.framework; path = System/Library/Frameworks/Foundation.framework; sourceTree = SDKROOT; };
		372AA8FF195B299000994DC0 /* CoreGraphics.framework */ = {isa = PBXFileReference; lastKnownFileType = wrapper.framework; name = CoreGraphics.framework; path = System/Library/Frameworks/CoreGraphics.framework; sourceTree = SDKROOT; };
		372AA901195B299000994DC0 /* UIKit.framework */ = {isa = PBXFileReference; lastKnownFileType = wrapper.framework; name = UIKit.framework; path = System/Library/Frameworks/UIKit.framework; sourceTree = SDKROOT; };
		372AA905195B299000994DC0 /* Profiles-Info.plist */ = {isa = PBXFileReference; lastKnownFileType = text.plist.xml; path = "Profiles-Info.plist"; sourceTree = "<group>"; };
		372AA907195B299000994DC0 /* en */ = {isa = PBXFileReference; lastKnownFileType = text.plist.strings; name = en; path = en.lproj/InfoPlist.strings; sourceTree = "<group>"; };
		372AA909195B299000994DC0 /* main.m */ = {isa = PBXFileReference; lastKnownFileType = sourcecode.c.objc; path = main.m; sourceTree = "<group>"; };
		372AA90B195B299000994DC0 /* Profiles-Prefix.pch */ = {isa = PBXFileReference; lastKnownFileType = sourcecode.c.h; path = "Profiles-Prefix.pch"; sourceTree = "<group>"; };
		372AA90C195B299000994DC0 /* GBAppDelegate.h */ = {isa = PBXFileReference; lastKnownFileType = sourcecode.c.h; path = GBAppDelegate.h; sourceTree = "<group>"; };
		372AA90D195B299000994DC0 /* GBAppDelegate.m */ = {isa = PBXFileReference; lastKnownFileType = sourcecode.c.objc; path = GBAppDelegate.m; sourceTree = "<group>"; };
		372AA910195B299000994DC0 /* Base */ = {isa = PBXFileReference; lastKnownFileType = file.storyboard; name = Base; path = Base.lproj/Main_iPhone.storyboard; sourceTree = "<group>"; };
		372AA913195B299000994DC0 /* Base */ = {isa = PBXFileReference; lastKnownFileType = file.storyboard; name = Base; path = Base.lproj/Main_iPad.storyboard; sourceTree = "<group>"; };
		372AA915195B299000994DC0 /* GBMasterViewController.h */ = {isa = PBXFileReference; lastKnownFileType = sourcecode.c.h; path = GBMasterViewController.h; sourceTree = "<group>"; };
		372AA916195B299000994DC0 /* GBMasterViewController.m */ = {isa = PBXFileReference; lastKnownFileType = sourcecode.c.objc; path = GBMasterViewController.m; sourceTree = "<group>"; };
		372AA918195B299000994DC0 /* GBDetailViewController.h */ = {isa = PBXFileReference; lastKnownFileType = sourcecode.c.h; path = GBDetailViewController.h; sourceTree = "<group>"; };
		372AA919195B299000994DC0 /* GBDetailViewController.m */ = {isa = PBXFileReference; lastKnownFileType = sourcecode.c.objc; path = GBDetailViewController.m; sourceTree = "<group>"; };
		372AA91B195B299000994DC0 /* Images.xcassets */ = {isa = PBXFileReference; lastKnownFileType = folder.assetcatalog; path = Images.xcassets; sourceTree = "<group>"; };
		372AA921195B299000994DC0 /* ProfilesTests.xctest */ = {isa = PBXFileReference; explicitFileType = wrapper.cfbundle; includeInIndex = 0; path = ProfilesTests.xctest; sourceTree = BUILT_PRODUCTS_DIR; };
		372AA922195B299000994DC0 /* XCTest.framework */ = {isa = PBXFileReference; lastKnownFileType = wrapper.framework; name = XCTest.framework; path = Library/Frameworks/XCTest.framework; sourceTree = DEVELOPER_DIR; };
		372AA92A195B299000994DC0 /* ProfilesTests-Info.plist */ = {isa = PBXFileReference; lastKnownFileType = text.plist.xml; path = "ProfilesTests-Info.plist"; sourceTree = "<group>"; };
		372AA92C195B299000994DC0 /* en */ = {isa = PBXFileReference; lastKnownFileType = text.plist.strings; name = en; path = en.lproj/InfoPlist.strings; sourceTree = "<group>"; };
		372AA92E195B299000994DC0 /* ProfilesTests.m */ = {isa = PBXFileReference; lastKnownFileType = sourcecode.c.objc; path = ProfilesTests.m; sourceTree = "<group>"; };
/* End PBXFileReference section */

/* Begin PBXFrameworksBuildPhase section */
		372AA8F7195B299000994DC0 /* Frameworks */ = {
			isa = PBXFrameworksBuildPhase;
			buildActionMask = 2147483647;
			files = (
				372AA900195B299000994DC0 /* CoreGraphics.framework in Frameworks */,
				372AA902195B299000994DC0 /* UIKit.framework in Frameworks */,
				372AA8FE195B299000994DC0 /* Foundation.framework in Frameworks */,
			);
			runOnlyForDeploymentPostprocessing = 0;
		};
		372AA91E195B299000994DC0 /* Frameworks */ = {
			isa = PBXFrameworksBuildPhase;
			buildActionMask = 2147483647;
			files = (
				372AA923195B299000994DC0 /* XCTest.framework in Frameworks */,
				372AA925195B299000994DC0 /* UIKit.framework in Frameworks */,
				372AA924195B299000994DC0 /* Foundation.framework in Frameworks */,
			);
			runOnlyForDeploymentPostprocessing = 0;
		};
/* End PBXFrameworksBuildPhase section */

/* Begin PBXGroup section */
		372AA8F1195B299000994DC0 = {
			isa = PBXGroup;
			children = (
				372AA903195B299000994DC0 /* Profiles */,
				372AA928195B299000994DC0 /* ProfilesTests */,
				372AA8FC195B299000994DC0 /* Frameworks */,
				372AA8FB195B299000994DC0 /* Products */,
			);
			sourceTree = "<group>";
		};
		372AA8FB195B299000994DC0 /* Products */ = {
			isa = PBXGroup;
			children = (
				372AA8FA195B299000994DC0 /* Profiles.app */,
				372AA921195B299000994DC0 /* ProfilesTests.xctest */,
			);
			name = Products;
			sourceTree = "<group>";
		};
		372AA8FC195B299000994DC0 /* Frameworks */ = {
			isa = PBXGroup;
			children = (
				372AA8FD195B299000994DC0 /* Foundation.framework */,
				372AA8FF195B299000994DC0 /* CoreGraphics.framework */,
				372AA901195B299000994DC0 /* UIKit.framework */,
				372AA922195B299000994DC0 /* XCTest.framework */,
			);
			name = Frameworks;
			sourceTree = "<group>";
		};
		372AA903195B299000994DC0 /* Profiles */ = {
			isa = PBXGroup;
			children = (
				372AA90C195B299000994DC0 /* GBAppDelegate.h */,
				372AA90D195B299000994DC0 /* GBAppDelegate.m */,
				372AA90F195B299000994DC0 /* Main_iPhone.storyboard */,
				372AA912195B299000994DC0 /* Main_iPad.storyboard */,
				372AA915195B299000994DC0 /* GBMasterViewController.h */,
				372AA916195B299000994DC0 /* GBMasterViewController.m */,
				372AA918195B299000994DC0 /* GBDetailViewController.h */,
				372AA919195B299000994DC0 /* GBDetailViewController.m */,
				372AA91B195B299000994DC0 /* Images.xcassets */,
				372AA904195B299000994DC0 /* Supporting Files */,
			);
			path = Profiles;
			sourceTree = "<group>";
		};
		372AA904195B299000994DC0 /* Supporting Files */ = {
			isa = PBXGroup;
			children = (
				372AA905195B299000994DC0 /* Profiles-Info.plist */,
				372AA906195B299000994DC0 /* InfoPlist.strings */,
				372AA909195B299000994DC0 /* main.m */,
				372AA90B195B299000994DC0 /* Profiles-Prefix.pch */,
			);
			name = "Supporting Files";
			sourceTree = "<group>";
		};
		372AA928195B299000994DC0 /* ProfilesTests */ = {
			isa = PBXGroup;
			children = (
				372AA92E195B299000994DC0 /* ProfilesTests.m */,
				372AA929195B299000994DC0 /* Supporting Files */,
			);
			path = ProfilesTests;
			sourceTree = "<group>";
		};
		372AA929195B299000994DC0 /* Supporting Files */ = {
			isa = PBXGroup;
			children = (
				372AA92A195B299000994DC0 /* ProfilesTests-Info.plist */,
				372AA92B195B299000994DC0 /* InfoPlist.strings */,
			);
			name = "Supporting Files";
			sourceTree = "<group>";
		};
/* End PBXGroup section */

/* Begin PBXNativeTarget section */
		372AA8F9195B299000994DC0 /* Profiles */ = {
			isa = PBXNativeTarget;
			buildConfigurationList = 372AA932195B299000994DC0 /* Build configuration list for PBXNativeTarget "Profiles" */;
			buildPhases = (
				372AA8F6195B299000994DC0 /* Sources */,
				372AA8F7195B299000994DC0 /* Frameworks */,
				372AA8F8195B299000994DC0 /* Resources */,
			);
			buildRules = (
			);
			dependencies = (
			);
			name = Profiles;
			productName = Profiles;
			productReference = 372AA8FA195B299000994DC0 /* Profiles.app */;
			productType = "com.apple.product-type.application";
		};
		372AA920195B299000994DC0 /* ProfilesTests */ = {
			isa = PBXNativeTarget;
			buildConfigurationList = 372AA935195B299000994DC0 /* Build configuration list for PBXNativeTarget "ProfilesTests" */;
			buildPhases = (
				372AA91D195B299000994DC0 /* Sources */,
				372AA91E195B299000994DC0 /* Frameworks */,
				372AA91F195B299000994DC0 /* Resources */,
			);
			buildRules = (
			);
			dependencies = (
				372AA927195B299000994DC0 /* PBXTargetDependency */,
			);
			name = ProfilesTests;
			productName = ProfilesTests;
			productReference = 372AA921195B299000994DC0 /* ProfilesTests.xctest */;
			productType = "com.apple.product-type.bundle.unit-test";
		};
/* End PBXNativeTarget section */

/* Begin PBXProject section */
		372AA8F2195B299000994DC0 /* Project object */ = {
			isa = PBXProject;
			attributes = {
				CLASSPREFIX = GB;
				LastUpgradeCheck = 0510;
				ORGANIZATIONNAME = Donson;
				TargetAttributes = {
					372AA920195B299000994DC0 = {
						TestTargetID = 372AA8F9195B299000994DC0;
					};
				};
			};
			buildConfigurationList = 372AA8F5195B299000994DC0 /* Build configuration list for PBXProject "Profiles" */;
			compatibilityVersion = "Xcode 3.2";
			developmentRegion = English;
			hasScannedForEncodings = 0;
			knownRegions = (
				en,
				Base,
			);
			mainGroup = 372AA8F1195B299000994DC0;
			productRefGroup = 372AA8FB195B299000994DC0 /* Products */;
			projectDirPath = "";
			projectRoot = "";
			targets = (
				372AA8F9195B299000994DC0 /* Profiles */,
				372AA920195B299000994DC0 /* ProfilesTests */,
			);
		};
/* End PBXProject section */

/* Begin PBXResourcesBuildPhase section */
		372AA8F8195B299000994DC0 /* Resources */ = {
			isa = PBXResourcesBuildPhase;
			buildActionMask = 2147483647;
			files = (
				372AA914195B299000994DC0 /* Main_iPad.storyboard in Resources */,
				372AA91C195B299000994DC0 /* Images.xcassets in Resources */,
				372AA911195B299000994DC0 /* Main_iPhone.storyboard in Resources */,
				372AA908195B299000994DC0 /* InfoPlist.strings in Resources */,
			);
			runOnlyForDeploymentPostprocessing = 0;
		};
		372AA91F195B299000994DC0 /* Resources */ = {
			isa = PBXResourcesBuildPhase;
			buildActionMask = 2147483647;
			files = (
				372AA92D195B299000994DC0 /* InfoPlist.strings in Resources */,
			);
			runOnlyForDeploymentPostprocessing = 0;
		};
/* End PBXResourcesBuildPhase section */

/* Begin PBXSourcesBuildPhase section */
		372AA8F6195B299000994DC0 /* Sources */ = {
			isa = PBXSourcesBuildPhase;
			buildActionMask = 2147483647;
			files = (
				372AA90A195B299000994DC0 /* main.m in Sources */,
				372AA90E195B299000994DC0 /* GBAppDelegate.m in Sources */,
				372AA91A195B299000994DC0 /* GBDetailViewController.m in Sources */,
				372AA917195B299000994DC0 /* GBMasterViewController.m in Sources */,
			);
			runOnlyForDeploymentPostprocessing = 0;
		};
		372AA91D195B299000994DC0 /* Sources */ = {
			isa = PBXSourcesBuildPhase;
			buildActionMask = 2147483647;
			files = (
				372AA92F195B299000994DC0 /* ProfilesTests.m in Sources */,
			);
			runOnlyForDeploymentPostprocessing = 0;
		};
/* End PBXSourcesBuildPhase section */

/* Begin PBXTargetDependency section */
		372AA927195B299000994DC0 /* PBXTargetDependency */ = {
			isa = PBXTargetDependency;
			target = 372AA8F9195B299000994DC0 /* Profiles */;
			targetProxy = 372AA926195B299000994DC0 /* PBXContainerItemProxy */;
		};
/* End PBXTargetDependency section */

/* Begin PBXVariantGroup section */
		372AA906195B299000994DC0 /* InfoPlist.strings */ = {
			isa = PBXVariantGroup;
			children = (
				372AA907195B299000994DC0 /* en */,
			);
			name = InfoPlist.strings;
			sourceTree = "<group>";
		};
		372AA90F195B299000994DC0 /* Main_iPhone.storyboard */ = {
			isa = PBXVariantGroup;
			children = (
				372AA910195B299000994DC0 /* Base */,
			);
			name = Main_iPhone.storyboard;
			sourceTree = "<group>";
		};
		372AA912195B299000994DC0 /* Main_iPad.storyboard */ = {
			isa = PBXVariantGroup;
			children = (
				372AA913195B299000994DC0 /* Base */,
			);
			name = Main_iPad.storyboard;
			sourceTree = "<group>";
		};
		372AA92B195B299000994DC0 /* InfoPlist.strings */ = {
			isa = PBXVariantGroup;
			children = (
				372AA92C195B299000994DC0 /* en */,
			);
			name = InfoPlist.strings;
			sourceTree = "<group>";
		};
/* End PBXVariantGroup section */

/* Begin XCBuildConfiguration section */
		372AA930195B299000994DC0 /* Debug */ = {
			isa = XCBuildConfiguration;
			buildSettings = {
				ALWAYS_SEARCH_USER_PATHS = NO;
				CLANG_CXX_LANGUAGE_STANDARD = "gnu++0x";
				CLANG_CXX_LIBRARY = "libc++";
				CLANG_ENABLE_MODULES = YES;
				CLANG_ENABLE_OBJC_ARC = YES;
				CLANG_WARN_BOOL_CONVERSION = YES;
				CLANG_WARN_CONSTANT_CONVERSION = YES;
				CLANG_WARN_DIRECT_OBJC_ISA_USAGE = YES_ERROR;
				CLANG_WARN_EMPTY_BODY = YES;
				CLANG_WARN_ENUM_CONVERSION = YES;
				CLANG_WARN_INT_CONVERSION = YES;
				CLANG_WARN_OBJC_ROOT_CLASS = YES_ERROR;
				CLANG_WARN__DUPLICATE_METHOD_MATCH = YES;
				"CODE_SIGN_IDENTITY[sdk=iphoneos*]" = "iPhone Developer";
				COPY_PHASE_STRIP = NO;
				GCC_C_LANGUAGE_STANDARD = gnu99;
				GCC_DYNAMIC_NO_PIC = NO;
				GCC_OPTIMIZATION_LEVEL = 0;
				GCC_PREPROCESSOR_DEFINITIONS = (
					"DEBUG=1",
					"$(inherited)",
				);
				GCC_SYMBOLS_PRIVATE_EXTERN = NO;
				GCC_WARN_64_TO_32_BIT_CONVERSION = YES;
				GCC_WARN_ABOUT_RETURN_TYPE = YES_ERROR;
				GCC_WARN_UNDECLARED_SELECTOR = YES;
				GCC_WARN_UNINITIALIZED_AUTOS = YES_AGGRESSIVE;
				GCC_WARN_UNUSED_FUNCTION = YES;
				GCC_WARN_UNUSED_VARIABLE = YES;
				IPHONEOS_DEPLOYMENT_TARGET = 7.1;
				ONLY_ACTIVE_ARCH = YES;
				SDKROOT = iphoneos;
				TARGETED_DEVICE_FAMILY = "1,2";
			};
			name = Debug;
		};
		372AA931195B299000994DC0 /* Release */ = {
			isa = XCBuildConfiguration;
			buildSettings = {
				ALWAYS_SEARCH_USER_PATHS = NO;
				CLANG_CXX_LANGUAGE_STANDARD = "gnu++0x";
				CLANG_CXX_LIBRARY = "libc++";
				CLANG_ENABLE_MODULES = YES;
				CLANG_ENABLE_OBJC_ARC = YES;
				CLANG_WARN_BOOL_CONVERSION = YES;
				CLANG_WARN_CONSTANT_CONVERSION = YES;
				CLANG_WARN_DIRECT_OBJC_ISA_USAGE = YES_ERROR;
				CLANG_WARN_EMPTY_BODY = YES;
				CLANG_WARN_ENUM_CONVERSION = YES;
				CLANG_WARN_INT_CONVERSION = YES;
				CLANG_WARN_OBJC_ROOT_CLASS = YES_ERROR;
				CLANG_WARN__DUPLICATE_METHOD_MATCH = YES;
				"CODE_SIGN_IDENTITY[sdk=iphoneos*]" = "iPhone Developer";
				COPY_PHASE_STRIP = YES;
				ENABLE_NS_ASSERTIONS = NO;
				GCC_C_LANGUAGE_STANDARD = gnu99;
				GCC_WARN_64_TO_32_BIT_CONVERSION = YES;
				GCC_WARN_ABOUT_RETURN_TYPE = YES_ERROR;
				GCC_WARN_UNDECLARED_SELECTOR = YES;
				GCC_WARN_UNINITIALIZED_AUTOS = YES_AGGRESSIVE;
				GCC_WARN_UNUSED_FUNCTION = YES;
				GCC_WARN_UNUSED_VARIABLE = YES;
				IPHONEOS_DEPLOYMENT_TARGET = 7.1;
				SDKROOT = iphoneos;
				TARGETED_DEVICE_FAMILY = "1,2";
				VALIDATE_PRODUCT = YES;
			};
			name = Release;
		};
		372AA933195B299000994DC0 /* Debug */ = {
			isa = XCBuildConfiguration;
			buildSettings = {
				ASSETCATALOG_COMPILER_APPICON_NAME = AppIcon;
				ASSETCATALOG_COMPILER_LAUNCHIMAGE_NAME = LaunchImage;
				GCC_PRECOMPILE_PREFIX_HEADER = YES;
				GCC_PREFIX_HEADER = "Profiles/Profiles-Prefix.pch";
				INFOPLIST_FILE = "Profiles/Profiles-Info.plist";
				PRODUCT_NAME = "$(TARGET_NAME)";
				WRAPPER_EXTENSION = app;
			};
			name = Debug;
		};
		372AA934195B299000994DC0 /* Release */ = {
			isa = XCBuildConfiguration;
			buildSettings = {
				ASSETCATALOG_COMPILER_APPICON_NAME = AppIcon;
				ASSETCATALOG_COMPILER_LAUNCHIMAGE_NAME = LaunchImage;
				GCC_PRECOMPILE_PREFIX_HEADER = YES;
				GCC_PREFIX_HEADER = "Profiles/Profiles-Prefix.pch";
				INFOPLIST_FILE = "Profiles/Profiles-Info.plist";
				PRODUCT_NAME = "$(TARGET_NAME)";
				WRAPPER_EXTENSION = app;
			};
			name = Release;
		};
		372AA936195B299000994DC0 /* Debug */ = {
			isa = XCBuildConfiguration;
			buildSettings = {
				BUNDLE_LOADER = "$(BUILT_PRODUCTS_DIR)/Profiles.app/Profiles";
				FRAMEWORK_SEARCH_PATHS = (
					"$(SDKROOT)/Developer/Library/Frameworks",
					"$(inherited)",
					"$(DEVELOPER_FRAMEWORKS_DIR)",
				);
				GCC_PRECOMPILE_PREFIX_HEADER = YES;
				GCC_PREFIX_HEADER = "Profiles/Profiles-Prefix.pch";
				GCC_PREPROCESSOR_DEFINITIONS = (
					"DEBUG=1",
					"$(inherited)",
				);
				INFOPLIST_FILE = "ProfilesTests/ProfilesTests-Info.plist";
				PRODUCT_NAME = "$(TARGET_NAME)";
				TEST_HOST = "$(BUNDLE_LOADER)";
				WRAPPER_EXTENSION = xctest;
			};
			name = Debug;
		};
		372AA937195B299000994DC0 /* Release */ = {
			isa = XCBuildConfiguration;
			buildSettings = {
				BUNDLE_LOADER = "$(BUILT_PRODUCTS_DIR)/Profiles.app/Profiles";
				FRAMEWORK_SEARCH_PATHS = (
					"$(SDKROOT)/Developer/Library/Frameworks",
					"$(inherited)",
					"$(DEVELOPER_FRAMEWORKS_DIR)",
				);
				GCC_PRECOMPILE_PREFIX_HEADER = YES;
				GCC_PREFIX_HEADER = "Profiles/Profiles-Prefix.pch";
				INFOPLIST_FILE = "ProfilesTests/ProfilesTests-Info.plist";
				PRODUCT_NAME = "$(TARGET_NAME)";
				TEST_HOST = "$(BUNDLE_LOADER)";
				WRAPPER_EXTENSION = xctest;
			};
			name = Release;
		};
/* End XCBuildConfiguration section */

/* Begin XCConfigurationList section */
		372AA8F5195B299000994DC0 /* Build configuration list for PBXProject "Profiles" */ = {
			isa = XCConfigurationList;
			buildConfigurations = (
				372AA930195B299000994DC0 /* Debug */,
				372AA931195B299000994DC0 /* Release */,
			);
			defaultConfigurationIsVisible = 0;
			defaultConfigurationName = Release;
		};
		372AA932195B299000994DC0 /* Build configuration list for PBXNativeTarget "Profiles" */ = {
			isa = XCConfigurationList;
			buildConfigurations = (
				372AA933195B299000994DC0 /* Debug */,
				372AA934195B299000994DC0 /* Release */,
			);
			defaultConfigurationIsVisible = 0;
		};
		372AA935195B299000994DC0 /* Build configuration list for PBXNativeTarget "ProfilesTests" */ = {
			isa = XCConfigurationList;
			buildConfigurations = (
				372AA936195B299000994DC0 /* Debug */,
				372AA937195B299000994DC0 /* Release */,
			);
			defaultConfigurationIsVisible = 0;
		};
/* End XCConfigurationList section */
	};
	rootObject = 372AA8F2195B299000994DC0 /* Project object */;
}
